
Microsoft Visual Studio Solution File, Format Version 12.00
Project("{FAE04EC0-301F-11D3-BF4B-00C04F79EFBC}") = "backend", "backend.csproj", "{C42E65AE-7F45-499C-9679-01D932D7739B}"
EndProject
Global
	GlobalSection(SolutionConfigurationPlatforms) = preSolution
		Debug|Any CPU = Debug|Any CPU
		Release|Any CPU = Release|Any CPU
	EndGlobalSection
	GlobalSection(ProjectConfigurationPlatforms) = postSolution
		{C42E65AE-7F45-499C-9679-01D932D7739B}.Debug|Any CPU.ActiveCfg = Debug|Any CPU
		{C42E65AE-7F45-499C-9679-01D932D7739B}.Debug|Any CPU.Build.0 = Debug|Any CPU
		{C42E65AE-7F45-499C-9679-01D932D7739B}.Release|Any CPU.ActiveCfg = Release|Any CPU
		{C42E65AE-7F45-499C-9679-01D932D7739B}.Release|Any CPU.Build.0 = Release|Any CPU
	EndGlobalSection
EndGlobal
